
Microsoft Visual Studio Solution File, Format Version 12.00
# Visual Studio Version 17
VisualStudioVersion = 17.5.002.0
MinimumVisualStudioVersion = 10.0.40219.1
Project("{9A19103F-16F7-4668-BE54-9A1E7A4F7556}") = "Template1", "Template1\Template1.csproj", "{23F19127-3F4E-4EC0-9877-D86347B442C7}"
EndProject
Project("{9A19103F-16F7-4668-BE54-9A1E7A4F7556}") = "Template1UnitTests", "Template1UnitTests\Template1UnitTests.csproj", "{BCA7624A-7362-4B5F-A77C-694E486E2BEF}"
EndProject
Project("{FAE04EC0-301F-11D3-BF4B-00C04F79EFBC}") = "Template1Console1", "Template1Console1\Template1Console1.csproj", "{29D24CFD-24F5-4BF1-B51F-1757F915294E}"
EndProject
Global
	GlobalSection(SolutionConfigurationPlatforms) = preSolution
		Debug|Any CPU = Debug|Any CPU
		Release|Any CPU = Release|Any CPU
	EndGlobalSection
	GlobalSection(ProjectConfigurationPlatforms) = postSolution
		{23F19127-3F4E-4EC0-9877-D86347B442C7}.Debug|Any CPU.ActiveCfg = Debug|Any CPU
		{23F19127-3F4E-4EC0-9877-D86347B442C7}.Debug|Any CPU.Build.0 = Debug|Any CPU
		{23F19127-3F4E-4EC0-9877-D86347B442C7}.Release|Any CPU.ActiveCfg = Release|Any CPU
		{23F19127-3F4E-4EC0-9877-D86347B442C7}.Release|Any CPU.Build.0 = Release|Any CPU
		{BCA7624A-7362-4B5F-A77C-694E486E2BEF}.Debug|Any CPU.ActiveCfg = Debug|Any CPU
		{BCA7624A-7362-4B5F-A77C-694E486E2BEF}.Debug|Any CPU.Build.0 = Debug|Any CPU
		{BCA7624A-7362-4B5F-A77C-694E486E2BEF}.Release|Any CPU.ActiveCfg = Release|Any CPU
		{BCA7624A-7362-4B5F-A77C-694E486E2BEF}.Release|Any CPU.Build.0 = Release|Any CPU
		{29D24CFD-24F5-4BF1-B51F-1757F915294E}.Debug|Any CPU.ActiveCfg = Debug|Any CPU
		{29D24CFD-24F5-4BF1-B51F-1757F915294E}.Debug|Any CPU.Build.0 = Debug|Any CPU
		{29D24CFD-24F5-4BF1-B51F-1757F915294E}.Release|Any CPU.ActiveCfg = Release|Any CPU
		{29D24CFD-24F5-4BF1-B51F-1757F915294E}.Release|Any CPU.Build.0 = Release|Any CPU
	EndGlobalSection
	GlobalSection(SolutionProperties) = preSolution
		HideSolutionNode = FALSE
	EndGlobalSection
	GlobalSection(ExtensibilityGlobals) = postSolution
		SolutionGuid = {79E9FA71-BAC1-46C1-8558-F1120527CC7D}
	EndGlobalSection
EndGlobal
